lockVersion: 2.0.0
id: 2bae4a56-72c3-41b1-b7a0-1a941293145a
management:
  docChecksum: 4f9d99838d2a38dc8bb3a98620227e27
  docVersion: 1.0.0
  speakeasyVersion: 1.305.0
  generationVersion: 2.340.3
  releaseVersion: 0.4.0
  configChecksum: 4c6df5c7d83a37eae60c2e58eee1f96e
  repoURL: https://github.com/prove-identity/prove-sdk-server-java.git
features:
  java:
    additionalDependencies: 0.1.0
    core: 3.22.0
    examples: 2.81.3
    globalSecurity: 2.82.5
    globalSecurityCallbacks: 0.1.0
    globalSecurityFlattening: 0.1.0
    globalServerURLs: 2.82.1
    sdkHooks: 0.1.0
    serverIDs: 2.81.1
generatedFiles:
  - src/main/java/com/prove/sdk/proveapi/SecuritySource.java
  - src/main/java/com/prove/sdk/proveapi/SDKConfiguration.java
  - src/main/java/com/prove/sdk/proveapi/V3.java
  - src/main/java/com/prove/sdk/proveapi/models/operations/V3TokenRequestRequestBuilder.java
  - src/main/java/com/prove/sdk/proveapi/models/operations/V3ChallengeRequestRequestBuilder.java
  - src/main/java/com/prove/sdk/proveapi/models/operations/V3CompleteRequestRequestBuilder.java
  - src/main/java/com/prove/sdk/proveapi/models/operations/V3StartRequestRequestBuilder.java
  - src/main/java/com/prove/sdk/proveapi/models/operations/V3ValidateRequestRequestBuilder.java
  - src/main/java/com/prove/sdk/proveapi/models/operations/SDKMethodInterfaces.java
  - src/main/java/com/prove/sdk/proveapi/Proveapi.java
  - .gitattributes
  - build.gradle
  - gradle/wrapper/gradle-wrapper.jar
  - gradle/wrapper/gradle-wrapper.properties
  - gradlew
  - gradlew.bat
  - settings.gradle
  - src/main/java/com/prove/sdk/proveapi/utils/BackoffStrategy.java
  - src/main/java/com/prove/sdk/proveapi/utils/BigDecimalString.java
  - src/main/java/com/prove/sdk/proveapi/utils/BigIntegerString.java
  - src/main/java/com/prove/sdk/proveapi/utils/Deserializers.java
  - src/main/java/com/prove/sdk/proveapi/utils/EventStream.java
  - src/main/java/com/prove/sdk/proveapi/utils/EventStreamLineReader.java
  - src/main/java/com/prove/sdk/proveapi/utils/EventStreamMessage.java
  - src/main/java/com/prove/sdk/proveapi/utils/EventStreamReader.java
  - src/main/java/com/prove/sdk/proveapi/utils/FormMetadata.java
  - src/main/java/com/prove/sdk/proveapi/utils/HTTPClient.java
  - src/main/java/com/prove/sdk/proveapi/utils/HTTPRequest.java
  - src/main/java/com/prove/sdk/proveapi/utils/HeaderMetadata.java
  - src/main/java/com/prove/sdk/proveapi/utils/Hook.java
  - src/main/java/com/prove/sdk/proveapi/utils/Hooks.java
  - src/main/java/com/prove/sdk/proveapi/utils/JSON.java
  - src/main/java/com/prove/sdk/proveapi/utils/LazySingletonValue.java
  - src/main/java/com/prove/sdk/proveapi/utils/Metadata.java
  - src/main/java/com/prove/sdk/proveapi/utils/MultipartFormMetadata.java
  - src/main/java/com/prove/sdk/proveapi/utils/OneOfDeserializer.java
  - src/main/java/com/prove/sdk/proveapi/utils/Options.java
  - src/main/java/com/prove/sdk/proveapi/utils/PathParamsMetadata.java
  - src/main/java/com/prove/sdk/proveapi/utils/QueryParameters.java
  - src/main/java/com/prove/sdk/proveapi/utils/QueryParamsMetadata.java
  - src/main/java/com/prove/sdk/proveapi/utils/RequestBody.java
  - src/main/java/com/prove/sdk/proveapi/utils/RequestMetadata.java
  - src/main/java/com/prove/sdk/proveapi/utils/Response.java
  - src/main/java/com/prove/sdk/proveapi/utils/Retries.java
  - src/main/java/com/prove/sdk/proveapi/utils/RetryConfig.java
  - src/main/java/com/prove/sdk/proveapi/utils/Security.java
  - src/main/java/com/prove/sdk/proveapi/utils/SecurityMetadata.java
  - src/main/java/com/prove/sdk/proveapi/utils/SerializedBody.java
  - src/main/java/com/prove/sdk/proveapi/utils/SpeakeasyHTTPClient.java
  - src/main/java/com/prove/sdk/proveapi/utils/SpeakeasyMetadata.java
  - src/main/java/com/prove/sdk/proveapi/utils/TypedObject.java
  - src/main/java/com/prove/sdk/proveapi/utils/Types.java
  - src/main/java/com/prove/sdk/proveapi/utils/Utils.java
  - src/main/java/com/prove/sdk/proveapi/models/errors/SDKError.java
  - src/main/java/com/prove/sdk/proveapi/models/operations/V3TokenRequestResponse.java
  - src/main/java/com/prove/sdk/proveapi/models/operations/V3ChallengeRequestResponse.java
  - src/main/java/com/prove/sdk/proveapi/models/operations/V3CompleteRequestResponse.java
  - src/main/java/com/prove/sdk/proveapi/models/operations/V3StartRequestResponse.java
  - src/main/java/com/prove/sdk/proveapi/models/operations/V3ValidateRequestResponse.java
  - src/main/java/com/prove/sdk/proveapi/models/components/V3TokenResponse.java
  - src/main/java/com/prove/sdk/proveapi/models/components/V3TokenRequest.java
  - src/main/java/com/prove/sdk/proveapi/models/components/V3ChallengeResponse.java
  - src/main/java/com/prove/sdk/proveapi/models/components/V3ChallengeIndividualRequest.java
  - src/main/java/com/prove/sdk/proveapi/models/components/V3ChallengeAddressEntryRequest.java
  - src/main/java/com/prove/sdk/proveapi/models/components/V3ChallengeRequest.java
  - src/main/java/com/prove/sdk/proveapi/models/components/V3CompleteResponse.java
  - src/main/java/com/prove/sdk/proveapi/models/components/V3CompleteRequest.java
  - src/main/java/com/prove/sdk/proveapi/models/components/V3CompleteIndividualRequest.java
  - src/main/java/com/prove/sdk/proveapi/models/components/V3CompleteAddressEntryRequest.java
  - src/main/java/com/prove/sdk/proveapi/models/components/V3StartResponse.java
  - src/main/java/com/prove/sdk/proveapi/models/components/V3StartRequest.java
  - src/main/java/com/prove/sdk/proveapi/models/components/V3ValidateResponse.java
  - src/main/java/com/prove/sdk/proveapi/models/components/V3ValidateRequest.java
  - src/main/java/com/prove/sdk/proveapi/models/components/Security.java
  - src/main/java/com/prove/sdk/proveapi/models/errors/Error.java
  - docs/models/operations/V3TokenRequestResponse.md
  - docs/models/operations/V3ChallengeRequestResponse.md
  - docs/models/operations/V3CompleteRequestResponse.md
  - docs/models/operations/V3StartRequestResponse.md
  - docs/models/operations/V3ValidateRequestResponse.md
  - docs/models/components/V3TokenResponse.md
  - docs/models/components/V3TokenRequest.md
  - docs/models/components/V3ChallengeResponse.md
  - docs/models/components/V3ChallengeIndividualRequest.md
  - docs/models/components/V3ChallengeAddressEntryRequest.md
  - docs/models/components/V3ChallengeRequest.md
  - docs/models/components/V3CompleteResponse.md
  - docs/models/components/V3CompleteRequest.md
  - docs/models/components/V3CompleteIndividualRequest.md
  - docs/models/components/V3CompleteAddressEntryRequest.md
  - docs/models/components/V3StartResponse.md
  - docs/models/components/V3StartRequest.md
  - docs/models/components/V3ValidateResponse.md
  - docs/models/components/V3ValidateRequest.md
  - docs/models/components/Security.md
  - docs/models/errors/Error.md
  - USAGE.md
