lockVersion: 2.0.0
id: 2bae4a56-72c3-41b1-b7a0-1a941293145a
management:
  docChecksum: cf1dd35d1f8117dbcb3ce13af5fce2c5
  docVersion: 1.0.0
  speakeasyVersion: 1.567.2
  generationVersion: 2.632.1
  releaseVersion: 0.16.2
  configChecksum: 843d7d2c575099459f6b6e7d4886f276
  repoURL: https://github.com/prove-identity/prove-sdk-server-java.git
  published: true
features:
  java:
    additionalDependencies: 0.1.0
    core: 3.39.0
    examples: 2.81.5
    flattening: 2.81.1
    globalSecurity: 2.82.8
    globalSecurityCallbacks: 0.1.0
    globalServerURLs: 2.82.2
    oauth2ClientCredentials: 0.3.2
    sdkHooks: 1.1.0
    serverIDs: 2.81.1
generatedFiles:
  - .gitattributes
  - USAGE.md
  - build.gradle
  - docs/models/components/AmlTypeListResponseInternal.md
  - docs/models/components/DataSourceAddressResponseInternal.md
  - docs/models/components/DataSourceEmailAddressResponseInternal.md
  - docs/models/components/DataSourceIdentifiersResponseInternal.md
  - docs/models/components/DataSourceInternal.md
  - docs/models/components/DataSourceNameResponseInternal.md
  - docs/models/components/GetBatchIdentityItem.md
  - docs/models/components/IDVDataInternal.md
  - docs/models/components/IdentityItem.md
  - docs/models/components/KYCFieldTypeResponseInternal.md
  - docs/models/components/KYCInternal.md
  - docs/models/components/LookupIdentityItem.md
  - docs/models/components/PostBatchResultItem.md
  - docs/models/components/Security.md
  - docs/models/components/V3ActivateIdentityRequest.md
  - docs/models/components/V3ActivateIdentityResponse.md
  - docs/models/components/V3BatchEnrollIdentitiesRequest.md
  - docs/models/components/V3BatchEnrollIdentitiesResponse.md
  - docs/models/components/V3BatchGetIdentitiesResponse.md
  - docs/models/components/V3ChallengeAddressEntryRequest.md
  - docs/models/components/V3ChallengeIndividualRequest.md
  - docs/models/components/V3ChallengeRequest.md
  - docs/models/components/V3ChallengeResponse.md
  - docs/models/components/V3CompleteAddressEntryRequest.md
  - docs/models/components/V3CompleteIndividualRequest.md
  - docs/models/components/V3CompleteRequest.md
  - docs/models/components/V3CompleteResponse.md
  - docs/models/components/V3DeactivateIdentityResponse.md
  - docs/models/components/V3DisenrollIdentityResponse.md
  - docs/models/components/V3EnrollIdentityRequest.md
  - docs/models/components/V3EnrollIdentityResponse.md
  - docs/models/components/V3GetIdentitiesByPhoneNumberResponse.md
  - docs/models/components/V3GetIdentityResponse.md
  - docs/models/components/V3IdentityDeactivateRequest.md
  - docs/models/components/V3StartRequest.md
  - docs/models/components/V3StartResponse.md
  - docs/models/components/V3TokenRequest.md
  - docs/models/components/V3TokenResponse.md
  - docs/models/components/V3UnifyBindRequest.md
  - docs/models/components/V3UnifyBindResponse.md
  - docs/models/components/V3UnifyRequest.md
  - docs/models/components/V3UnifyResponse.md
  - docs/models/components/V3UnifyStatusRequest.md
  - docs/models/components/V3UnifyStatusResponse.md
  - docs/models/components/V3ValidateRequest.md
  - docs/models/components/V3ValidateResponse.md
  - docs/models/components/V3VerifyRequest.md
  - docs/models/components/V3VerifyResponse.md
  - docs/models/components/V3VerifyStatusRequest.md
  - docs/models/components/V3VerifyStatusResponse.md
  - docs/models/errors/Error.md
  - docs/models/errors/Error401.md
  - docs/models/errors/Error403.md
  - docs/models/operations/V3ActivateIdentityRequest.md
  - docs/models/operations/V3ActivateIdentityResponse.md
  - docs/models/operations/V3BatchEnrollIdentitiesResponse.md
  - docs/models/operations/V3BatchGetIdentitiesRequest.md
  - docs/models/operations/V3BatchGetIdentitiesResponse.md
  - docs/models/operations/V3ChallengeRequestResponse.md
  - docs/models/operations/V3CompleteRequestResponse.md
  - docs/models/operations/V3DeactivateIdentityRequest.md
  - docs/models/operations/V3DeactivateIdentityResponse.md
  - docs/models/operations/V3DisenrollIdentityRequest.md
  - docs/models/operations/V3DisenrollIdentityResponse.md
  - docs/models/operations/V3EnrollIdentityResponse.md
  - docs/models/operations/V3GetIdentitiesByPhoneNumberRequest.md
  - docs/models/operations/V3GetIdentitiesByPhoneNumberResponse.md
  - docs/models/operations/V3GetIdentityRequest.md
  - docs/models/operations/V3GetIdentityResponse.md
  - docs/models/operations/V3StartRequestResponse.md
  - docs/models/operations/V3TokenRequestResponse.md
  - docs/models/operations/V3UnifyBindRequestResponse.md
  - docs/models/operations/V3UnifyRequestResponse.md
  - docs/models/operations/V3UnifyStatusRequestResponse.md
  - docs/models/operations/V3ValidateRequestResponse.md
  - docs/models/operations/V3VerifyRequestResponse.md
  - docs/models/operations/V3VerifyStatusRequestResponse.md
  - docs/sdks/identity/README.md
  - docs/sdks/proveapi/README.md
  - docs/sdks/v3/README.md
  - gradle.properties
  - gradle/wrapper/gradle-wrapper.jar
  - gradle/wrapper/gradle-wrapper.properties
  - gradlew
  - gradlew.bat
  - settings.gradle
  - src/main/java/com/prove/proveapi/Identity.java
  - src/main/java/com/prove/proveapi/Proveapi.java
  - src/main/java/com/prove/proveapi/SDKConfiguration.java
  - src/main/java/com/prove/proveapi/SecuritySource.java
  - src/main/java/com/prove/proveapi/V3.java
  - src/main/java/com/prove/proveapi/hooks/ClientCredentialsHook.java
  - src/main/java/com/prove/proveapi/models/components/AmlTypeListResponseInternal.java
  - src/main/java/com/prove/proveapi/models/components/DataSourceAddressResponseInternal.java
  - src/main/java/com/prove/proveapi/models/components/DataSourceEmailAddressResponseInternal.java
  - src/main/java/com/prove/proveapi/models/components/DataSourceIdentifiersResponseInternal.java
  - src/main/java/com/prove/proveapi/models/components/DataSourceInternal.java
  - src/main/java/com/prove/proveapi/models/components/DataSourceNameResponseInternal.java
  - src/main/java/com/prove/proveapi/models/components/GetBatchIdentityItem.java
  - src/main/java/com/prove/proveapi/models/components/IDVDataInternal.java
  - src/main/java/com/prove/proveapi/models/components/IdentityItem.java
  - src/main/java/com/prove/proveapi/models/components/KYCFieldTypeResponseInternal.java
  - src/main/java/com/prove/proveapi/models/components/KYCInternal.java
  - src/main/java/com/prove/proveapi/models/components/LookupIdentityItem.java
  - src/main/java/com/prove/proveapi/models/components/PostBatchResultItem.java
  - src/main/java/com/prove/proveapi/models/components/Security.java
  - src/main/java/com/prove/proveapi/models/components/V3ActivateIdentityRequest.java
  - src/main/java/com/prove/proveapi/models/components/V3ActivateIdentityResponse.java
  - src/main/java/com/prove/proveapi/models/components/V3BatchEnrollIdentitiesRequest.java
  - src/main/java/com/prove/proveapi/models/components/V3BatchEnrollIdentitiesResponse.java
  - src/main/java/com/prove/proveapi/models/components/V3BatchGetIdentitiesResponse.java
  - src/main/java/com/prove/proveapi/models/components/V3ChallengeAddressEntryRequest.java
  - src/main/java/com/prove/proveapi/models/components/V3ChallengeIndividualRequest.java
  - src/main/java/com/prove/proveapi/models/components/V3ChallengeRequest.java
  - src/main/java/com/prove/proveapi/models/components/V3ChallengeResponse.java
  - src/main/java/com/prove/proveapi/models/components/V3CompleteAddressEntryRequest.java
  - src/main/java/com/prove/proveapi/models/components/V3CompleteIndividualRequest.java
  - src/main/java/com/prove/proveapi/models/components/V3CompleteRequest.java
  - src/main/java/com/prove/proveapi/models/components/V3CompleteResponse.java
  - src/main/java/com/prove/proveapi/models/components/V3DeactivateIdentityResponse.java
  - src/main/java/com/prove/proveapi/models/components/V3DisenrollIdentityResponse.java
  - src/main/java/com/prove/proveapi/models/components/V3EnrollIdentityRequest.java
  - src/main/java/com/prove/proveapi/models/components/V3EnrollIdentityResponse.java
  - src/main/java/com/prove/proveapi/models/components/V3GetIdentitiesByPhoneNumberResponse.java
  - src/main/java/com/prove/proveapi/models/components/V3GetIdentityResponse.java
  - src/main/java/com/prove/proveapi/models/components/V3IdentityDeactivateRequest.java
  - src/main/java/com/prove/proveapi/models/components/V3StartRequest.java
  - src/main/java/com/prove/proveapi/models/components/V3StartResponse.java
  - src/main/java/com/prove/proveapi/models/components/V3TokenRequest.java
  - src/main/java/com/prove/proveapi/models/components/V3TokenResponse.java
  - src/main/java/com/prove/proveapi/models/components/V3UnifyBindRequest.java
  - src/main/java/com/prove/proveapi/models/components/V3UnifyBindResponse.java
  - src/main/java/com/prove/proveapi/models/components/V3UnifyRequest.java
  - src/main/java/com/prove/proveapi/models/components/V3UnifyResponse.java
  - src/main/java/com/prove/proveapi/models/components/V3UnifyStatusRequest.java
  - src/main/java/com/prove/proveapi/models/components/V3UnifyStatusResponse.java
  - src/main/java/com/prove/proveapi/models/components/V3ValidateRequest.java
  - src/main/java/com/prove/proveapi/models/components/V3ValidateResponse.java
  - src/main/java/com/prove/proveapi/models/components/V3VerifyRequest.java
  - src/main/java/com/prove/proveapi/models/components/V3VerifyResponse.java
  - src/main/java/com/prove/proveapi/models/components/V3VerifyStatusRequest.java
  - src/main/java/com/prove/proveapi/models/components/V3VerifyStatusResponse.java
  - src/main/java/com/prove/proveapi/models/errors/AuthException.java
  - src/main/java/com/prove/proveapi/models/errors/Error.java
  - src/main/java/com/prove/proveapi/models/errors/Error401.java
  - src/main/java/com/prove/proveapi/models/errors/Error403.java
  - src/main/java/com/prove/proveapi/models/errors/SDKError.java
  - src/main/java/com/prove/proveapi/models/operations/SDKMethodInterfaces.java
  - src/main/java/com/prove/proveapi/models/operations/V3ActivateIdentityRequest.java
  - src/main/java/com/prove/proveapi/models/operations/V3ActivateIdentityRequestBuilder.java
  - src/main/java/com/prove/proveapi/models/operations/V3ActivateIdentityResponse.java
  - src/main/java/com/prove/proveapi/models/operations/V3BatchEnrollIdentitiesRequestBuilder.java
  - src/main/java/com/prove/proveapi/models/operations/V3BatchEnrollIdentitiesResponse.java
  - src/main/java/com/prove/proveapi/models/operations/V3BatchGetIdentitiesRequest.java
  - src/main/java/com/prove/proveapi/models/operations/V3BatchGetIdentitiesRequestBuilder.java
  - src/main/java/com/prove/proveapi/models/operations/V3BatchGetIdentitiesResponse.java
  - src/main/java/com/prove/proveapi/models/operations/V3ChallengeRequestRequestBuilder.java
  - src/main/java/com/prove/proveapi/models/operations/V3ChallengeRequestResponse.java
  - src/main/java/com/prove/proveapi/models/operations/V3CompleteRequestRequestBuilder.java
  - src/main/java/com/prove/proveapi/models/operations/V3CompleteRequestResponse.java
  - src/main/java/com/prove/proveapi/models/operations/V3DeactivateIdentityRequest.java
  - src/main/java/com/prove/proveapi/models/operations/V3DeactivateIdentityRequestBuilder.java
  - src/main/java/com/prove/proveapi/models/operations/V3DeactivateIdentityResponse.java
  - src/main/java/com/prove/proveapi/models/operations/V3DisenrollIdentityRequest.java
  - src/main/java/com/prove/proveapi/models/operations/V3DisenrollIdentityRequestBuilder.java
  - src/main/java/com/prove/proveapi/models/operations/V3DisenrollIdentityResponse.java
  - src/main/java/com/prove/proveapi/models/operations/V3EnrollIdentityRequestBuilder.java
  - src/main/java/com/prove/proveapi/models/operations/V3EnrollIdentityResponse.java
  - src/main/java/com/prove/proveapi/models/operations/V3GetIdentitiesByPhoneNumberRequest.java
  - src/main/java/com/prove/proveapi/models/operations/V3GetIdentitiesByPhoneNumberRequestBuilder.java
  - src/main/java/com/prove/proveapi/models/operations/V3GetIdentitiesByPhoneNumberResponse.java
  - src/main/java/com/prove/proveapi/models/operations/V3GetIdentityRequest.java
  - src/main/java/com/prove/proveapi/models/operations/V3GetIdentityRequestBuilder.java
  - src/main/java/com/prove/proveapi/models/operations/V3GetIdentityResponse.java
  - src/main/java/com/prove/proveapi/models/operations/V3StartRequestRequestBuilder.java
  - src/main/java/com/prove/proveapi/models/operations/V3StartRequestResponse.java
  - src/main/java/com/prove/proveapi/models/operations/V3TokenRequestRequestBuilder.java
  - src/main/java/com/prove/proveapi/models/operations/V3TokenRequestResponse.java
  - src/main/java/com/prove/proveapi/models/operations/V3UnifyBindRequestRequestBuilder.java
  - src/main/java/com/prove/proveapi/models/operations/V3UnifyBindRequestResponse.java
  - src/main/java/com/prove/proveapi/models/operations/V3UnifyRequestRequestBuilder.java
  - src/main/java/com/prove/proveapi/models/operations/V3UnifyRequestResponse.java
  - src/main/java/com/prove/proveapi/models/operations/V3UnifyStatusRequestRequestBuilder.java
  - src/main/java/com/prove/proveapi/models/operations/V3UnifyStatusRequestResponse.java
  - src/main/java/com/prove/proveapi/models/operations/V3ValidateRequestRequestBuilder.java
  - src/main/java/com/prove/proveapi/models/operations/V3ValidateRequestResponse.java
  - src/main/java/com/prove/proveapi/models/operations/V3VerifyRequestRequestBuilder.java
  - src/main/java/com/prove/proveapi/models/operations/V3VerifyRequestResponse.java
  - src/main/java/com/prove/proveapi/models/operations/V3VerifyStatusRequestRequestBuilder.java
  - src/main/java/com/prove/proveapi/models/operations/V3VerifyStatusRequestResponse.java
  - src/main/java/com/prove/proveapi/utils/BackoffStrategy.java
  - src/main/java/com/prove/proveapi/utils/BigDecimalString.java
  - src/main/java/com/prove/proveapi/utils/BigIntegerString.java
  - src/main/java/com/prove/proveapi/utils/Constants.java
  - src/main/java/com/prove/proveapi/utils/Deserializers.java
  - src/main/java/com/prove/proveapi/utils/EventStream.java
  - src/main/java/com/prove/proveapi/utils/EventStreamLineReader.java
  - src/main/java/com/prove/proveapi/utils/EventStreamMessage.java
  - src/main/java/com/prove/proveapi/utils/EventStreamReader.java
  - src/main/java/com/prove/proveapi/utils/FormMetadata.java
  - src/main/java/com/prove/proveapi/utils/HTTPClient.java
  - src/main/java/com/prove/proveapi/utils/HTTPRequest.java
  - src/main/java/com/prove/proveapi/utils/HasSecurity.java
  - src/main/java/com/prove/proveapi/utils/HeaderMetadata.java
  - src/main/java/com/prove/proveapi/utils/Helpers.java
  - src/main/java/com/prove/proveapi/utils/Hook.java
  - src/main/java/com/prove/proveapi/utils/Hooks.java
  - src/main/java/com/prove/proveapi/utils/JSON.java
  - src/main/java/com/prove/proveapi/utils/LazySingletonValue.java
  - src/main/java/com/prove/proveapi/utils/Metadata.java
  - src/main/java/com/prove/proveapi/utils/Multipart.java
  - src/main/java/com/prove/proveapi/utils/MultipartFormMetadata.java
  - src/main/java/com/prove/proveapi/utils/NameValue.java
  - src/main/java/com/prove/proveapi/utils/OneOfDeserializer.java
  - src/main/java/com/prove/proveapi/utils/Options.java
  - src/main/java/com/prove/proveapi/utils/PathParamsMetadata.java
  - src/main/java/com/prove/proveapi/utils/QueryEncoding.java
  - src/main/java/com/prove/proveapi/utils/QueryParameter.java
  - src/main/java/com/prove/proveapi/utils/QueryParameters.java
  - src/main/java/com/prove/proveapi/utils/QueryParamsMetadata.java
  - src/main/java/com/prove/proveapi/utils/RecordingClient.java
  - src/main/java/com/prove/proveapi/utils/RequestBody.java
  - src/main/java/com/prove/proveapi/utils/RequestMetadata.java
  - src/main/java/com/prove/proveapi/utils/Response.java
  - src/main/java/com/prove/proveapi/utils/Retries.java
  - src/main/java/com/prove/proveapi/utils/RetryConfig.java
  - src/main/java/com/prove/proveapi/utils/Security.java
  - src/main/java/com/prove/proveapi/utils/SecurityMetadata.java
  - src/main/java/com/prove/proveapi/utils/SerializedBody.java
  - src/main/java/com/prove/proveapi/utils/SessionManager.java
  - src/main/java/com/prove/proveapi/utils/SpeakeasyHTTPClient.java
  - src/main/java/com/prove/proveapi/utils/SpeakeasyMetadata.java
  - src/main/java/com/prove/proveapi/utils/TypedObject.java
  - src/main/java/com/prove/proveapi/utils/Types.java
  - src/main/java/com/prove/proveapi/utils/Utf8UrlEncoder.java
  - src/main/java/com/prove/proveapi/utils/Utils.java
examples:
  V3TokenRequest:
    speakeasy-default-v3-token-request:
      requestBody:
        application/x-www-form-urlencoded: {"client_id": "customer_id", "client_secret": "secret", "grant_type": "client_credentials"}
      responses:
        "200":
          application/json: {"access_token": "eyJ...", "expires_in": 3600, "refresh_expires_in": 3600, "refresh_token": "eyJ...", "token_type": "Bearer"}
        "400":
          application/json: {"code": 8000, "message": "error at prove, try again later"}
        "401":
          application/json: {"code": 8002, "message": "not authorized"}
        "500":
          application/json: {"code": 8000, "message": "error at prove, try again later"}
  V3ChallengeRequest:
    speakeasy-default-v3-challenge-request:
      requestBody:
        application/json: {"correlationId": "713189b8-5555-4b08-83ba-75d08780aebd", "dob": "1981-01", "ssn": "0596"}
      responses:
        "200":
          application/json: {"individual": {"addresses": [{"address": "39 South Trail", "city": "San Antonio", "extendedAddress": "Apt 23", "postalCode": "78285", "region": "TX"}, {"address": "4861 Jay Junction", "city": "Boston", "extendedAddress": "Apt 78", "postalCode": "02208", "region": "MS"}], "dob": "1981-01-17", "emailAddresses": ["jdoe@example.com", "dsmith@example.com"], "firstName": "Tod", "lastName": "Weedall", "ssn": "265228370"}, "next": {"v3-complete": "/v3/complete"}, "success": true}
        "400":
          application/json: {"code": 8000, "message": "error at prove, try again later"}
        "401":
          application/json: {"code": 8002, "message": "not authorized"}
        "403":
          application/json: {"code": 8003, "message": "Access forbidden: insufficient permissions"}
        "500":
          application/json: {"code": 8000, "message": "error at prove, try again later"}
  V3CompleteRequest:
    Standard Response:
      requestBody:
        application/json: {"correlationId": "713189b8-5555-4b08-83ba-75d08780aebd", "individual": {"addresses": [{"address": "39 South Trail", "city": "San Antonio", "extendedAddress": "Apt 23", "postalCode": "78285", "region": "TX"}], "dob": "1981-01", "emailAddresses": ["jdoe@example.com"], "firstName": "Tod", "lastName": "Weedall", "ssn": "265228370"}}
      responses:
        "200":
          application/json: {"next": {"done": "done"}, "success": true}
    Response with KYC - 4 hits:
      requestBody:
        application/json: {"correlationId": "713189b8-5555-4b08-83ba-75d08780aebd", "individual": {"addresses": [{"address": "39 South Trail", "city": "San Antonio", "extendedAddress": "Apt 23", "postalCode": "78285", "region": "TX"}], "dob": "1981-01", "emailAddresses": ["jdoe@example.com"], "firstName": "Tod", "lastName": "Weedall", "ssn": "265228370"}}
      responses:
        "200":
          application/json: {"idv": {"dataSource1": {"address": {"addressScore": 100, "city": true, "distance": 0, "postalCode": true, "region": true, "street": true, "streetNumber": 100}, "cipConfidence": "high", "identifiers": {"dob": true, "ssn": true}, "name": {"firstName": 100, "lastName": 100, "nameScore": 100}}, "dataSource2": {"address": {"addressScore": 100, "city": true, "distance": 0, "postalCode": true, "region": true, "street": true, "streetNumber": 100}, "cipConfidence": "high", "identifiers": {"dob": true, "ssn": true}, "name": {"firstName": 100, "lastName": 100, "nameScore": 100}}, "multiCIPConfidence": "high"}, "kyc": {"amlTypeLists": [{"amlType": "pep-class-1", "fields": [{"name": "Country", "source": "complyAdvantage", "value": "shire"}, {"name": "Political Position", "source": "complyAdvantage", "value": "President"}, {"name": "Gender", "source": "complyAdvantage", "value": "male"}], "listHits": 1}], "totalHits": 4}, "next": {"done": "done"}, "success": true}
    Response with KYC - 0 hits:
      requestBody:
        application/json: {"correlationId": "713189b8-5555-4b08-83ba-75d08780aebd", "individual": {"addresses": [{"address": "39 South Trail", "city": "San Antonio", "extendedAddress": "Apt 23", "postalCode": "78285", "region": "TX"}], "dob": "1981-01", "emailAddresses": ["jdoe@example.com"], "firstName": "Tod", "lastName": "Weedall", "ssn": "265228370"}}
      responses:
        "200":
          application/json: {"idv": {"dataSource1": {"address": {"addressScore": 100, "city": true, "distance": 0, "postalCode": true, "region": true, "street": true, "streetNumber": 100}, "cipConfidence": "low", "identifiers": {"dob": true, "ssn": true}, "name": {"firstName": 100, "lastName": 100, "nameScore": 100}, "reasonCodes": ["DI"]}, "dataSource2": {"address": {"addressScore": 33, "city": true, "distance": 0, "postalCode": true, "region": true, "street": false, "streetNumber": 100}, "cipConfidence": "low", "identifiers": {"dob": true, "ssn": true}, "name": {"firstName": 100, "lastName": 100, "nameScore": 100}}, "multiCIPConfidence": "low"}, "kyc": {"totalHits": 0}, "next": {"done": "done"}, "success": false}
    Response with Low MultiCIP:
      requestBody:
        application/json: {"correlationId": "713189b8-5555-4b08-83ba-75d08780aebd", "individual": {"addresses": [{"address": "39 South Trail", "city": "San Antonio", "extendedAddress": "Apt 23", "postalCode": "78285", "region": "TX"}], "dob": "1981-01", "emailAddresses": ["jdoe@example.com"], "firstName": "Tod", "lastName": "Weedall", "ssn": "265228370"}}
      responses:
        "200":
          application/json: {"idv": {"dataSource1": {"address": {"addressScore": 100, "city": true, "distance": 0, "postalCode": true, "region": true, "street": true, "streetNumber": 100}, "cipConfidence": "low", "identifiers": {"dob": true, "ssn": false}, "name": {"firstName": 100, "lastName": 100, "nameScore": 100}, "reasonCodes": ["DI"]}, "dataSource2": {"address": {"addressScore": 33, "city": true, "distance": 0, "postalCode": true, "region": true, "street": false, "streetNumber": 100}, "cipConfidence": "low", "identifiers": {"dob": true, "ssn": false}, "name": {"firstName": 100, "lastName": 100, "nameScore": 100}}, "multiCIPConfidence": "low"}, "kyc": {"totalHits": 0}, "next": {"done": "done"}, "success": false}
    Response with High MultiCIP:
      requestBody:
        application/json: {"correlationId": "713189b8-5555-4b08-83ba-75d08780aebd", "individual": {"addresses": [{"address": "39 South Trail", "city": "San Antonio", "extendedAddress": "Apt 23", "postalCode": "78285", "region": "TX"}], "dob": "1981-01", "emailAddresses": ["jdoe@example.com"], "firstName": "Tod", "lastName": "Weedall", "ssn": "265228370"}}
      responses:
        "200":
          application/json: {"idv": {"dataSource1": {"address": {"addressScore": 100, "city": true, "distance": 0, "postalCode": true, "region": true, "street": true, "streetNumber": 100}, "cipConfidence": "high", "identifiers": {"dob": true, "ssn": true}, "name": {"firstName": 100, "lastName": 100, "nameScore": 100}}, "dataSource2": {"address": {"addressScore": 100, "city": true, "distance": 0, "postalCode": true, "region": true, "street": true, "streetNumber": 100}, "cipConfidence": "high", "identifiers": {"dob": true, "ssn": true}, "name": {"firstName": 100, "lastName": 100, "nameScore": 100}}, "multiCIPConfidence": "high"}, "kyc": {"totalHits": 0}, "next": {"done": "done"}, "success": true}
  V3StartRequest:
    speakeasy-default-v3-start-request:
      requestBody:
        application/json: {"allowOTPRetry": true, "dob": "1981-01", "emailAddress": "mpinsonm@dyndns.org", "finalTargetUrl": "https://www.example.com/landing-page", "flowType": "mobile", "ipAddress": "10.0.0.1", "phoneNumber": "2001001695", "smsMessage": "#### is your temporary code to continue your application. Caution: for your security, don't share this code with anyone.", "ssn": "0596"}
      responses:
        "200":
          application/json: {"authToken": "eyJhbGciOi...", "correlationId": "713189b8-5555-4b08-83ba-75d08780aebd", "next": {"v3-validate": "/v3/validate"}}
        "400":
          application/json: {"code": 8000, "message": "error at prove, try again later"}
        "401":
          application/json: {"code": 8002, "message": "not authorized"}
        "403":
          application/json: {"code": 8003, "message": "Access forbidden: insufficient permissions"}
        "500":
          application/json: {"code": 8000, "message": "error at prove, try again later"}
  V3UnifyRequest:
    speakeasy-default-v3-unify-request:
      requestBody:
        application/json: {"allowOTPRetry": true, "clientCustomerId": "e0f78bc2-f748-4eda-9d29-d756844507fc", "clientRequestId": "71010d88-d0e7-4a24-9297-d1be6fefde81", "finalTargetUrl": "https://www.example.com/landing-page", "phoneNumber": "2001004011", "possessionType": "mobile", "rebind": true, "smsMessage": "#### is your verification code."}
      responses:
        "200":
          application/json: {"authToken": "eyJhbGciOi...", "correlationId": "713189b8-5555-4b08-83ba-75d08780aebd", "success": "pending"}
        "400":
          application/json: {"code": 8000, "message": "error at prove, try again later"}
        "401":
          application/json: {"code": 8002, "message": "not authorized"}
        "403":
          application/json: {"code": 8003, "message": "Access forbidden: insufficient permissions"}
        "500":
          application/json: {"code": 8000, "message": "error at prove, try again later"}
  V3UnifyBindRequest:
    speakeasy-default-v3-unify-bind-request:
      requestBody:
        application/json: {"clientRequestId": "71010d88-d0e7-4a24-9297-d1be6fefde81", "correlationId": "713189b8-5555-4b08-83ba-75d08780aebd", "phoneNumber": "2001004011"}
      responses:
        "200":
          application/json: {"phoneNumber": "2001004011", "success": "true"}
        "400":
          application/json: {"code": 8000, "message": "error at prove, try again later"}
        "401":
          application/json: {"code": 8002, "message": "not authorized"}
        "403":
          application/json: {"code": 8003, "message": "Access forbidden: insufficient permissions"}
        "500":
          application/json: {"code": 8000, "message": "error at prove, try again later"}
  V3UnifyStatusRequest:
    speakeasy-default-v3-unify-status-request:
      requestBody:
        application/json: {"clientRequestId": "71010d88-d0e7-4a24-9297-d1be6fefde81", "correlationId": "713189b8-5555-4b08-83ba-75d08780aebd", "phoneNumber": "2001004011"}
      responses:
        "200":
          application/json: {"phoneNumber": "2001004011", "success": "true"}
        "400":
          application/json: {"code": 8000, "message": "error at prove, try again later"}
        "401":
          application/json: {"code": 8002, "message": "not authorized"}
        "403":
          application/json: {"code": 8003, "message": "Access forbidden: insufficient permissions"}
        "500":
          application/json: {"code": 8000, "message": "error at prove, try again later"}
  V3ValidateRequest:
    speakeasy-default-v3-validate-request:
      requestBody:
        application/json: {"correlationId": "713189b8-5555-4b08-83ba-75d08780aebd"}
      responses:
        "200":
          application/json: {"challengeMissing": true, "next": {"v3-challenge": "/v3/challenge"}, "phoneNumber": "2001001686", "success": true}
        "400":
          application/json: {"code": 8000, "message": "error at prove, try again later"}
        "401":
          application/json: {"code": 8002, "message": "not authorized"}
        "403":
          application/json: {"code": 8003, "message": "Access forbidden: insufficient permissions"}
        "500":
          application/json: {"code": 8000, "message": "error at prove, try again later"}
  V3VerifyRequest:
    speakeasy-default-v3-verify-request:
      requestBody:
        application/json: {"allowOTPRetry": true, "clientCustomerId": "e0f78bc2-f748-4eda-9d29-d756844507fc", "clientRequestId": "71010d88-d0e7-4a24-9297-d1be6fefde81", "emailAddress": "sbutrimovichb@who.int", "finalTargetUrl": "https://www.example.com/landing-page", "firstName": "Sheilakathryn", "lastName": "Butrimovich", "phoneNumber": "2001004011", "possessionType": "mobile", "smsMessage": "#### is your temporary code to continue your application. Caution: for your security, don't share this code with anyone."}
      responses:
        "200":
          application/json: {"authToken": "eyJhbGciOi...", "correlationId": "713189b8-5555-4b08-83ba-75d08780aebd", "possessionResult": "pending", "success": "pending", "verifyResult": "pending"}
        "400":
          application/json: {"code": 8000, "message": "error at prove, try again later"}
        "401":
          application/json: {"code": 8002, "message": "not authorized"}
        "403":
          application/json: {"code": 8003, "message": "Access forbidden: insufficient permissions"}
        "500":
          application/json: {"code": 8000, "message": "error at prove, try again later"}
  V3VerifyStatusRequest:
    speakeasy-default-v3-verify-status-request:
      requestBody:
        application/json: {"clientRequestId": "71010d88-d0e7-4a24-9297-d1be6fefde81", "correlationId": "713189b8-5555-4b08-83ba-75d08780aebd"}
      responses:
        "200":
          application/json: {"identityId": "498ce2a7-a7c1-48aa-8bd3-77621f780919", "possessionResult": "pending", "success": "pending", "verifyResult": "pending"}
        "400":
          application/json: {"code": 8000, "message": "error at prove, try again later"}
        "401":
          application/json: {"code": 8002, "message": "not authorized"}
        "403":
          application/json: {"code": 8003, "message": "Access forbidden: insufficient permissions"}
        "500":
          application/json: {"code": 8000, "message": "error at prove, try again later"}
  V3BatchGetIdentities:
    speakeasy-default-v3-batch-get-identities:
      responses:
        "200":
          application/json: {"lastKey": "fNqtI2wVPka+yAFC5qRtrQ==", "results": [{"identityId": "4a6317c1-4855-4900-b369-bed138f4ec00"}, {"identityId": "e53c0597-1cce-4d8f-bd1b-e0a10f875ac9"}]}
        "400":
          application/json: {"code": 8000, "message": "error at prove, try again later"}
        "401":
          application/json: {"code": 8002, "message": "not authorized"}
        "403":
          application/json: {"code": 8003, "message": "Access forbidden: insufficient permissions"}
        "500":
          application/json: {"code": 8000, "message": "error at prove, try again later"}
  V3EnrollIdentity:
    speakeasy-default-v3-enroll-identity:
      requestBody:
        application/json: {"clientCustomerId": "e0f78bc2-f748-4eda-9d29-d756844507fc", "clientRequestId": "71010d88-d0e7-4a24-9297-d1be6fefde81", "deviceId": "bf9ea15d-7dfa-4bb4-a64c-6c26b53472fc", "phoneNumber": "2001001695"}
      responses:
        "200":
          application/json: {"identityId": "863189q5-5555-4c15-89ba-15d08710aecz", "success": true}
        "400":
          application/json: {"code": 8000, "message": "error at prove, try again later"}
        "401":
          application/json: {"code": 8002, "message": "not authorized"}
        "403":
          application/json: {"code": 8003, "message": "Access forbidden: insufficient permissions"}
        "500":
          application/json: {"code": 8000, "message": "error at prove, try again later"}
  V3BatchEnrollIdentities:
    speakeasy-default-v3-batch-enroll-identities:
      requestBody:
        application/json: {"clientRequestId": "71010d88-d0e7-4a24-9297-d1be6fefde81", "items": [{"clientCustomerId": "e0f78bc2-f748-4eda-9d29-d756844507fc", "deviceId": "bf9ea15d-7dfa-4bb4-a64c-6c26b53472fc", "phoneNumber": "2001001695"}, {"clientCustomerId": "e0f78bc2-f748-4eda-9d29-d756844507fc", "deviceId": "bf9ea15d-7dfa-4bb4-a64c-6c26b53472fc", "phoneNumber": "2001001695"}]}
      responses:
        "200":
          application/json: {"results": [{"identityId": "e0f78bc2-f748-4eda-9d29-d756844507fc"}, {"error": "Invalid Phone Number"}]}
        "400":
          application/json: {"code": 8000, "message": "error at prove, try again later"}
        "401":
          application/json: {"code": 8002, "message": "not authorized"}
        "403":
          application/json: {"code": 8003, "message": "Access forbidden: insufficient permissions"}
        "500":
          application/json: {"code": 8000, "message": "error at prove, try again later"}
  V3DisenrollIdentity:
    speakeasy-default-v3-disenroll-identity:
      parameters:
        path:
          identityId: "<id>"
      responses:
        "200":
          application/json: {"success": true}
        "400":
          application/json: {"code": 8000, "message": "error at prove, try again later"}
        "401":
          application/json: {"code": 8002, "message": "not authorized"}
        "403":
          application/json: {"code": 8003, "message": "Access forbidden: insufficient permissions"}
        "500":
          application/json: {"code": 8000, "message": "error at prove, try again later"}
  V3GetIdentity:
    speakeasy-default-v3-get-identity:
      parameters:
        path:
          identityId: "<id>"
      responses:
        "200":
          application/json: {"active": true, "carrier": "Verizon", "clientCustomerId": "e0f78bc2-f748-4eda-9d29-d756844507fc", "countryCode": "US", "createdAt": 1747671792, "creationString": "2025-05-19T16:23:12.475Z", "deviceId": "bf9ea15d-7dfa-4bb4-a64c-6c26b53472fc", "identityId": "e0f78bc2-f748-4eda-9d29-d756844507fc", "lineType": "mobile", "phoneNumber": "2001001695"}
        "400":
          application/json: {"code": 8000, "message": "error at prove, try again later"}
        "401":
          application/json: {"code": 8002, "message": "not authorized"}
        "403":
          application/json: {"code": 8003, "message": "Access forbidden: insufficient permissions"}
        "500":
          application/json: {"code": 8000, "message": "error at prove, try again later"}
  V3ActivateIdentity:
    speakeasy-default-v3-activate-identity:
      parameters:
        path:
          identityId: "<id>"
      requestBody:
        application/json: {"clientRequestId": "71010d88-d0e7-4a24-9297-d1be6fefde81"}
      responses:
        "200":
          application/json: {"success": true}
        "400":
          application/json: {"code": 8000, "message": "error at prove, try again later"}
        "401":
          application/json: {"code": 8002, "message": "not authorized"}
        "403":
          application/json: {"code": 8003, "message": "Access forbidden: insufficient permissions"}
        "500":
          application/json: {"code": 8000, "message": "error at prove, try again later"}
  V3DeactivateIdentity:
    speakeasy-default-v3-deactivate-identity:
      parameters:
        path:
          identityId: "<id>"
      requestBody:
        application/json: {"clientRequestId": "71010d88-d0e7-4a24-9297-d1be6fefde81"}
      responses:
        "200":
          application/json: {"success": true}
        "400":
          application/json: {"code": 8000, "message": "error at prove, try again later"}
        "401":
          application/json: {"code": 8002, "message": "not authorized"}
        "403":
          application/json: {"code": 8003, "message": "Access forbidden: insufficient permissions"}
        "500":
          application/json: {"code": 8000, "message": "error at prove, try again later"}
  V3GetIdentitiesByPhoneNumber:
    speakeasy-default-v3-get-identities-by-phone-number:
      parameters:
        path:
          mobileNumber: "<value>"
      responses:
        "200":
          application/json: {"items": [{"active": true, "carrier": "Verizon", "clientCustomerId": "e0f78bc2-f748-4eda-9d29-d756844507fc", "countryCode": "US", "createdAt": 1747671792, "creationString": "2025-05-19T16:23:12.475Z", "deviceId": "bf9ea15d-7dfa-4bb4-a64c-6c26b53472fc", "identityId": "e0f78bc2-f748-4eda-9d29-d756844507fc", "lineType": "mobile", "phoneNumber": "2001001695"}, {"active": true, "carrier": "Verizon", "clientCustomerId": "e0f78bc2-f748-4eda-9d29-d756844507fc", "countryCode": "US", "createdAt": 1747671792, "creationString": "2025-05-19T16:23:12.475Z", "deviceId": "bf9ea15d-7dfa-4bb4-a64c-6c26b53472fc", "identityId": "e0f78bc2-f748-4eda-9d29-d756844507fc", "lineType": "mobile", "phoneNumber": "2001001695"}]}
        "400":
          application/json: {"code": 8000, "message": "error at prove, try again later"}
        "401":
          application/json: {"code": 8002, "message": "not authorized"}
        "403":
          application/json: {"code": 8003, "message": "Access forbidden: insufficient permissions"}
        "500":
          application/json: {"code": 8000, "message": "error at prove, try again later"}
examplesVersion: 1.0.2
generatedTests: {}
