lockVersion: 2.0.0
id: 2bae4a56-72c3-41b1-b7a0-1a941293145a
management:
  docChecksum: 03492019bf34656d6d3863a59b68936b
  docVersion: 1.0.0
  speakeasyVersion: 1.400.1
  generationVersion: 2.420.2
  releaseVersion: 0.10.0
  configChecksum: 84336c55aa62daec81cd5dfc749855b4
  repoURL: https://github.com/prove-identity/prove-sdk-server-java.git
  published: true
features:
  java:
    additionalDependencies: 0.1.0
    core: 3.30.1
    examples: 2.81.3
    globalSecurity: 2.82.7
    globalSecurityCallbacks: 0.1.0
    globalServerURLs: 2.82.1
    oauth2ClientCredentials: 0.1.0
    sdkHooks: 0.1.0
    serverIDs: 2.81.1
generatedFiles:
  - .gitattributes
  - CONTRIBUTING.md
  - USAGE.md
  - build.gradle
  - docs/models/components/AmlTypeListResponseInternal.md
  - docs/models/components/DataSourceAddressResponseInternal.md
  - docs/models/components/DataSourceEmailAddressResponseInternal.md
  - docs/models/components/DataSourceIdentifiersResponseInternal.md
  - docs/models/components/DataSourceInternal.md
  - docs/models/components/DataSourceNameResponseInternal.md
  - docs/models/components/IDVDataInternal.md
  - docs/models/components/KYCFieldTypeResponseInternal.md
  - docs/models/components/KYCInternal.md
  - docs/models/components/Security.md
  - docs/models/components/V3ChallengeAddressEntryRequest.md
  - docs/models/components/V3ChallengeIndividualRequest.md
  - docs/models/components/V3ChallengeRequest.md
  - docs/models/components/V3ChallengeResponse.md
  - docs/models/components/V3CompleteAddressEntryRequest.md
  - docs/models/components/V3CompleteIndividualRequest.md
  - docs/models/components/V3CompleteRequest.md
  - docs/models/components/V3CompleteResponse.md
  - docs/models/components/V3StartRequest.md
  - docs/models/components/V3StartResponse.md
  - docs/models/components/V3TokenRequest.md
  - docs/models/components/V3TokenResponse.md
  - docs/models/components/V3ValidateRequest.md
  - docs/models/components/V3ValidateResponse.md
  - docs/models/errors/Error.md
  - docs/models/errors/Error400.md
  - docs/models/operations/V3ChallengeRequestResponse.md
  - docs/models/operations/V3CompleteRequestResponse.md
  - docs/models/operations/V3StartRequestResponse.md
  - docs/models/operations/V3TokenRequestResponse.md
  - docs/models/operations/V3ValidateRequestResponse.md
  - docs/sdks/proveapi/README.md
  - docs/sdks/v3/README.md
  - gradle/wrapper/gradle-wrapper.jar
  - gradle/wrapper/gradle-wrapper.properties
  - gradlew
  - gradlew.bat
  - settings.gradle
  - src/main/java/com/prove/proveapi/Proveapi.java
  - src/main/java/com/prove/proveapi/SDKConfiguration.java
  - src/main/java/com/prove/proveapi/SecuritySource.java
  - src/main/java/com/prove/proveapi/V3.java
  - src/main/java/com/prove/proveapi/hooks/ClientCredentialsHook.java
  - src/main/java/com/prove/proveapi/models/components/AmlTypeListResponseInternal.java
  - src/main/java/com/prove/proveapi/models/components/DataSourceAddressResponseInternal.java
  - src/main/java/com/prove/proveapi/models/components/DataSourceEmailAddressResponseInternal.java
  - src/main/java/com/prove/proveapi/models/components/DataSourceIdentifiersResponseInternal.java
  - src/main/java/com/prove/proveapi/models/components/DataSourceInternal.java
  - src/main/java/com/prove/proveapi/models/components/DataSourceNameResponseInternal.java
  - src/main/java/com/prove/proveapi/models/components/IDVDataInternal.java
  - src/main/java/com/prove/proveapi/models/components/KYCFieldTypeResponseInternal.java
  - src/main/java/com/prove/proveapi/models/components/KYCInternal.java
  - src/main/java/com/prove/proveapi/models/components/Security.java
  - src/main/java/com/prove/proveapi/models/components/V3ChallengeAddressEntryRequest.java
  - src/main/java/com/prove/proveapi/models/components/V3ChallengeIndividualRequest.java
  - src/main/java/com/prove/proveapi/models/components/V3ChallengeRequest.java
  - src/main/java/com/prove/proveapi/models/components/V3ChallengeResponse.java
  - src/main/java/com/prove/proveapi/models/components/V3CompleteAddressEntryRequest.java
  - src/main/java/com/prove/proveapi/models/components/V3CompleteIndividualRequest.java
  - src/main/java/com/prove/proveapi/models/components/V3CompleteRequest.java
  - src/main/java/com/prove/proveapi/models/components/V3CompleteResponse.java
  - src/main/java/com/prove/proveapi/models/components/V3StartRequest.java
  - src/main/java/com/prove/proveapi/models/components/V3StartResponse.java
  - src/main/java/com/prove/proveapi/models/components/V3TokenRequest.java
  - src/main/java/com/prove/proveapi/models/components/V3TokenResponse.java
  - src/main/java/com/prove/proveapi/models/components/V3ValidateRequest.java
  - src/main/java/com/prove/proveapi/models/components/V3ValidateResponse.java
  - src/main/java/com/prove/proveapi/models/errors/AuthException.java
  - src/main/java/com/prove/proveapi/models/errors/Error.java
  - src/main/java/com/prove/proveapi/models/errors/Error400.java
  - src/main/java/com/prove/proveapi/models/errors/SDKError.java
  - src/main/java/com/prove/proveapi/models/operations/SDKMethodInterfaces.java
  - src/main/java/com/prove/proveapi/models/operations/V3ChallengeRequestRequestBuilder.java
  - src/main/java/com/prove/proveapi/models/operations/V3ChallengeRequestResponse.java
  - src/main/java/com/prove/proveapi/models/operations/V3CompleteRequestRequestBuilder.java
  - src/main/java/com/prove/proveapi/models/operations/V3CompleteRequestResponse.java
  - src/main/java/com/prove/proveapi/models/operations/V3StartRequestRequestBuilder.java
  - src/main/java/com/prove/proveapi/models/operations/V3StartRequestResponse.java
  - src/main/java/com/prove/proveapi/models/operations/V3TokenRequestRequestBuilder.java
  - src/main/java/com/prove/proveapi/models/operations/V3TokenRequestResponse.java
  - src/main/java/com/prove/proveapi/models/operations/V3ValidateRequestRequestBuilder.java
  - src/main/java/com/prove/proveapi/models/operations/V3ValidateRequestResponse.java
  - src/main/java/com/prove/proveapi/utils/BackoffStrategy.java
  - src/main/java/com/prove/proveapi/utils/BigDecimalString.java
  - src/main/java/com/prove/proveapi/utils/BigIntegerString.java
  - src/main/java/com/prove/proveapi/utils/Deserializers.java
  - src/main/java/com/prove/proveapi/utils/EventStream.java
  - src/main/java/com/prove/proveapi/utils/EventStreamLineReader.java
  - src/main/java/com/prove/proveapi/utils/EventStreamMessage.java
  - src/main/java/com/prove/proveapi/utils/EventStreamReader.java
  - src/main/java/com/prove/proveapi/utils/FormMetadata.java
  - src/main/java/com/prove/proveapi/utils/HTTPClient.java
  - src/main/java/com/prove/proveapi/utils/HTTPRequest.java
  - src/main/java/com/prove/proveapi/utils/HeaderMetadata.java
  - src/main/java/com/prove/proveapi/utils/Helpers.java
  - src/main/java/com/prove/proveapi/utils/Hook.java
  - src/main/java/com/prove/proveapi/utils/Hooks.java
  - src/main/java/com/prove/proveapi/utils/JSON.java
  - src/main/java/com/prove/proveapi/utils/LazySingletonValue.java
  - src/main/java/com/prove/proveapi/utils/Metadata.java
  - src/main/java/com/prove/proveapi/utils/MultipartFormMetadata.java
  - src/main/java/com/prove/proveapi/utils/OneOfDeserializer.java
  - src/main/java/com/prove/proveapi/utils/Options.java
  - src/main/java/com/prove/proveapi/utils/PathParamsMetadata.java
  - src/main/java/com/prove/proveapi/utils/QueryParameters.java
  - src/main/java/com/prove/proveapi/utils/QueryParamsMetadata.java
  - src/main/java/com/prove/proveapi/utils/RequestBody.java
  - src/main/java/com/prove/proveapi/utils/RequestMetadata.java
  - src/main/java/com/prove/proveapi/utils/Response.java
  - src/main/java/com/prove/proveapi/utils/Retries.java
  - src/main/java/com/prove/proveapi/utils/RetryConfig.java
  - src/main/java/com/prove/proveapi/utils/Security.java
  - src/main/java/com/prove/proveapi/utils/SecurityMetadata.java
  - src/main/java/com/prove/proveapi/utils/SerializedBody.java
  - src/main/java/com/prove/proveapi/utils/SpeakeasyHTTPClient.java
  - src/main/java/com/prove/proveapi/utils/SpeakeasyMetadata.java
  - src/main/java/com/prove/proveapi/utils/TypedObject.java
  - src/main/java/com/prove/proveapi/utils/Types.java
  - src/main/java/com/prove/proveapi/utils/Utils.java
examples:
  V3TokenRequest:
    speakeasy-default-v3-token-request:
      requestBody:
        application/x-www-form-urlencoded: {"client_id": "customer_id", "client_secret": "secret", "grant_type": "client_credentials"}
      responses:
        "200":
          application/json: {"access_token": "eyJ...", "expires_in": 3600, "refresh_expires_in": 3600, "refresh_token": "eyJ...", "token_type": "Bearer"}
        "400":
          application/json: {"code": 8002, "message": "not authorized"}
        "500":
          application/json: {"code": 8000, "message": "error at prove, try again later"}
  V3ChallengeRequest:
    speakeasy-default-v3-challenge-request:
      requestBody:
        application/json: {"correlationId": "713189b8-5555-4b08-83ba-75d08780aebd", "dob": "1981-01", "ssn": "0596"}
      responses:
        "200":
          application/json: {"individual": {"addresses": [{"address": "39 South Trail", "city": "San Antonio", "extendedAddress": "39 South Trail", "postalCode": "78285", "region": "TX"}, {"address": "39 South Trail", "city": "San Antonio", "extendedAddress": "39 South Trail", "postalCode": "78285", "region": "TX"}], "dob": "1981-01-17T00:00:00Z", "emailAddresses": ["jdoe@example.com", "dsmith@example.com"], "firstName": "Tod", "lastName": "Weedall", "ssn": "265228370"}, "next": {"v3-complete": "/v3/complete"}, "success": true}
        "400":
          application/json: {"code": 8002, "message": "not authorized"}
        "500":
          application/json: {"code": 8000, "message": "error at prove, try again later"}
  V3CompleteRequest:
    Example1:
      requestBody:
        application/json: {"correlationId": "713189b8-5555-4b08-83ba-75d08780aebd", "individual": {"addresses": [{"address": "39 South Trail", "city": "San Antonio", "extendedAddress": "Apt 23", "postalCode": "78285", "region": "TX"}, {"address": "4861 Jay Junction", "city": "Boston", "extendedAddress": "Apt 78", "postalCode": "02208", "region": "MS"}], "dob": "1981-01", "emailAddresses": ["jdoe@example.com", "dsmith@example.com"], "firstName": "Tod", "lastName": "Weedall", "ssn": "265228370"}}
      responses:
        "200":
          application/json: {"idv": {"dataSource1": {"address": {"addressScore": 0, "city": true, "distance": 6.027456183070403, "postalCode": true, "region": true, "street": true, "streetNumber": 1}, "cipConfidence": "cipConfidence", "email": {"emailAddress": true}, "identifiers": {"dob": true, "last4": true, "ssn": true}, "name": {"firstName": 5, "lastName": 5, "nameScore": 2}, "reasonCodes": ["reasonCodes", "reasonCodes"]}, "dataSource2": {"address": {"addressScore": 0, "city": true, "distance": 6.027456183070403, "postalCode": true, "region": true, "street": true, "streetNumber": 1}, "cipConfidence": "cipConfidence", "email": {"emailAddress": true}, "identifiers": {"dob": true, "last4": true, "ssn": true}, "name": {"firstName": 5, "lastName": 5, "nameScore": 2}, "reasonCodes": ["reasonCodes", "reasonCodes"]}, "multiCIPConfidence": "multiCIPConfidence"}, "kyc": {"amlTypeLists": [{"amlType": "amlType", "fields": [{"name": "name", "source": "source", "value": "value"}, {"name": "name", "source": "source", "value": "value"}], "listHits": 7}, {"amlType": "amlType", "fields": [{"name": "name", "source": "source", "value": "value"}, {"name": "name", "source": "source", "value": "value"}], "listHits": 7}], "totalHits": 9}, "next": {"done": "done"}, "success": true}
    Example2:
      requestBody:
        application/json: {"correlationId": "713189b8-5555-4b08-83ba-75d08780aebd", "individual": {"addresses": [{"address": "39 South Trail", "city": "San Antonio", "extendedAddress": "Apt 23", "postalCode": "78285", "region": "TX"}, {"address": "4861 Jay Junction", "city": "Boston", "extendedAddress": "Apt 78", "postalCode": "02208", "region": "MS"}], "dob": "1981-01", "emailAddresses": ["jdoe@example.com", "dsmith@example.com"], "firstName": "Tod", "lastName": "Weedall", "ssn": "265228370"}}
      responses:
        "200":
          application/json: {"idv": {"dataSource1": {"address": {"addressScore": 100, "city": true, "distance": 0, "postalCode": true, "region": true, "street": true, "streetNumber": 100}, "cipConfidence": "high", "email": {"emailAddress": true}, "identifiers": {"dob": true, "ssn": true}, "name": {"firstName": 100, "lastName": 100, "nameScore": 100}}, "dataSource2": {"address": {"addressScore": 100, "city": true, "distance": 0, "postalCode": true, "region": true, "street": true, "streetNumber": 100}, "cipConfidence": "high", "email": {"emailAddress": true}, "identifiers": {"dob": true, "ssn": true}, "name": {"firstName": 100, "lastName": 100, "nameScore": 100}}, "multiCIPConfidence": "high"}, "kyc": {"amlTypeLists": [{"amlType": "pep-class-1", "fields": [{"name": "Country", "source": "complyAdvantage", "value": "shire"}, {"name": "Political Position", "source": "complyAdvantage", "value": "President"}, {"name": "Gender", "source": "complyAdvantage", "value": "male"}], "listHits": 1}], "totalHits": 4}, "next": {"done": "done"}, "success": true}
    Example3:
      requestBody:
        application/json: {"correlationId": "713189b8-5555-4b08-83ba-75d08780aebd", "individual": {"addresses": [{"address": "39 South Trail", "city": "San Antonio", "extendedAddress": "Apt 23", "postalCode": "78285", "region": "TX"}, {"address": "4861 Jay Junction", "city": "Boston", "extendedAddress": "Apt 78", "postalCode": "02208", "region": "MS"}], "dob": "1981-01", "emailAddresses": ["jdoe@example.com", "dsmith@example.com"], "firstName": "Tod", "lastName": "Weedall", "ssn": "265228370"}}
      responses:
        "200":
          application/json: {"idv": {"dataSource1": {"address": {"addressScore": 100, "city": true, "distance": 0, "postalCode": true, "region": true, "street": true, "streetNumber": 100}, "cipConfidence": "low", "email": {"emailAddress": true}, "identifiers": {"dob": true, "ssn": true}, "name": {"firstName": 100, "lastName": 100, "nameScore": 100}, "reasonCodes": ["DI"]}, "dataSource2": {"address": {"addressScore": 33, "city": true, "distance": 0, "postalCode": true, "region": true, "street": false, "streetNumber": 100}, "cipConfidence": "low", "email": {"emailAddress": true}, "identifiers": {"dob": true, "ssn": true}, "name": {"firstName": 100, "lastName": 100, "nameScore": 100}}, "multiCIPConfidence": "low"}, "kyc": {"amlTypeLists": [{"amlType": "amlType", "fields": [{"name": "name", "source": "source", "value": "value"}, {"name": "name", "source": "source", "value": "value"}], "listHits": 7}], "totalHits": 0}, "next": {"done": "done"}, "success": false}
    Example4:
      requestBody:
        application/json: {"correlationId": "713189b8-5555-4b08-83ba-75d08780aebd", "individual": {"addresses": [{"address": "39 South Trail", "city": "San Antonio", "extendedAddress": "Apt 23", "postalCode": "78285", "region": "TX"}, {"address": "4861 Jay Junction", "city": "Boston", "extendedAddress": "Apt 78", "postalCode": "02208", "region": "MS"}], "dob": "1981-01", "emailAddresses": ["jdoe@example.com", "dsmith@example.com"], "firstName": "Tod", "lastName": "Weedall", "ssn": "265228370"}}
      responses:
        "200":
          application/json: {"idv": {"dataSource1": {"address": {"addressScore": 100, "city": true, "distance": 0, "postalCode": true, "region": true, "street": true, "streetNumber": 100}, "cipConfidence": "low", "email": {"emailAddress": true}, "identifiers": {"dob": true, "ssn": false}, "name": {"firstName": 100, "lastName": 100, "nameScore": 100}, "reasonCodes": ["DI"]}, "dataSource2": {"address": {"addressScore": 33, "city": true, "distance": 0, "postalCode": true, "region": true, "street": false, "streetNumber": 100}, "cipConfidence": "low", "email": {"emailAddress": true}, "identifiers": {"dob": true, "ssn": false}, "name": {"firstName": 100, "lastName": 100, "nameScore": 100}}, "multiCIPConfidence": "low"}, "kyc": {"amlTypeLists": [{"amlType": "amlType", "fields": [{"name": "name", "source": "source", "value": "value"}, {"name": "name", "source": "source", "value": "value"}], "listHits": 7}], "totalHits": 0}, "next": {"done": "done"}, "success": false}
    Example5:
      requestBody:
        application/json: {"correlationId": "713189b8-5555-4b08-83ba-75d08780aebd", "individual": {"addresses": [{"address": "39 South Trail", "city": "San Antonio", "extendedAddress": "Apt 23", "postalCode": "78285", "region": "TX"}, {"address": "4861 Jay Junction", "city": "Boston", "extendedAddress": "Apt 78", "postalCode": "02208", "region": "MS"}], "dob": "1981-01", "emailAddresses": ["jdoe@example.com", "dsmith@example.com"], "firstName": "Tod", "lastName": "Weedall", "ssn": "265228370"}}
      responses:
        "200":
          application/json: {"idv": {"dataSource1": {"address": {"addressScore": 100, "city": true, "distance": 0, "postalCode": true, "region": true, "street": true, "streetNumber": 100}, "cipConfidence": "high", "email": {"emailAddress": true}, "identifiers": {"dob": true, "ssn": true}, "name": {"firstName": 100, "lastName": 100, "nameScore": 100}}, "dataSource2": {"address": {"addressScore": 100, "city": true, "distance": 0, "postalCode": true, "region": true, "street": true, "streetNumber": 100}, "cipConfidence": "high", "email": {"emailAddress": true}, "identifiers": {"dob": true, "ssn": true}, "name": {"firstName": 100, "lastName": 100, "nameScore": 100}}, "multiCIPConfidence": "high"}, "kyc": {"amlTypeLists": [{"amlType": "amlType", "fields": [{"name": "name", "source": "source", "value": "value"}, {"name": "name", "source": "source", "value": "value"}], "listHits": 7}], "totalHits": 0}, "next": {"done": "done"}, "success": true}
  V3StartRequest:
    speakeasy-default-v3-start-request:
      requestBody:
        application/json: {"dob": "1981-01", "emailAddress": "mpinsonm@dyndns.org", "finalTargetUrl": "https://www.example.com/landing-page", "flowType": "mobile", "ipAddress": "10.0.0.1", "phoneNumber": "2001001695", "smsMessage": "\"Your code is: ####.\"", "ssn": "0596"}
      responses:
        "200":
          application/json: {"authToken": "eyJhbGciOi...", "correlationId": "713189b8-5555-4b08-83ba-75d08780aebd", "next": {"v3-validate": "/v3/validate"}}
        "400":
          application/json: {"code": 8002, "message": "not authorized"}
        "500":
          application/json: {"code": 8000, "message": "error at prove, try again later"}
  V3ValidateRequest:
    speakeasy-default-v3-validate-request:
      requestBody:
        application/json: {"correlationId": "713189b8-5555-4b08-83ba-75d08780aebd"}
      responses:
        "200":
          application/json: {"challengeMissing": true, "next": {"v3-challenge": "/v3/challenge"}, "phoneNumber": "2001001686", "success": true}
        "400":
          application/json: {"code": 8002, "message": "not authorized"}
        "500":
          application/json: {"code": 8000, "message": "error at prove, try again later"}
