speakeasyVersion: 1.300.1
sources:
    my-source:
        sourceNamespace: my-source
        sourceRevisionDigest: sha256:a6d39cd8e929f7846e46593f21407cf14e8fc01fcee1f31664b379c8886cd60b
        sourceBlobDigest: sha256:8aee427743fe7c90291d5835b088523d86bf87c2a9b7d802e954907f868d11be
        tags:
            - latest
targets:
    my-first-target:
        source: my-source
        sourceNamespace: my-source
        sourceRevisionDigest: sha256:a6d39cd8e929f7846e46593f21407cf14e8fc01fcee1f31664b379c8886cd60b
        sourceBlobDigest: sha256:8aee427743fe7c90291d5835b088523d86bf87c2a9b7d802e954907f868d11be
        outLocation: /Users/jspurrier/godev/proveauth/prove-sdk-server-java
workflow:
    workflowVersion: 1.0.0
    speakeasyVersion: latest
    sources:
        my-source:
            inputs:
                - location: https://raw.githubusercontent.com/payfone/prove-openapi/main/orchestration.yaml
                  authHeader: Authorization
                  authSecret: $OPENAPI_DOC_AUTH_TOKEN
            registry:
                location: registry.speakeasyapi.dev/prove/prove-dev/my-source
    targets:
        my-first-target:
            target: java
            source: my-source
