speakeasyVersion: 1.636.3
sources:
    my-source:
        sourceNamespace: my-source
        sourceRevisionDigest: sha256:ddac3549fb9f723179a08601762a53a0f08921075f6bfca674b2781bcd6b2094
        sourceBlobDigest: sha256:5e10db5b4a5f0605168b1d2748d43cadb3d6c560f301f2d2dedea7643def50c7
        tags:
            - latest
            - speakeasy-sdk-regen-1760143225
            - 1.0.0
targets:
    my-first-target:
        source: my-source
        sourceNamespace: my-source
        sourceRevisionDigest: sha256:ddac3549fb9f723179a08601762a53a0f08921075f6bfca674b2781bcd6b2094
        sourceBlobDigest: sha256:5e10db5b4a5f0605168b1d2748d43cadb3d6c560f301f2d2dedea7643def50c7
        codeSamplesNamespace: my-source-java-code-samples
        codeSamplesRevisionDigest: sha256:721b7f1fe0e1d144a09ba2cfe92b1b4fd190068878c44e5f604faa2863e7336a
workflow:
    workflowVersion: 1.0.0
    speakeasyVersion: latest
    sources:
        my-source:
            inputs:
                - location: https://raw.githubusercontent.com/payfone/prove-openapi/main/orchestration.yaml
                  authHeader: Authorization
                  authSecret: $OPENAPI_DOC_AUTH_TOKEN
            registry:
                location: registry.speakeasyapi.dev/prove/prove-dev/my-source
    targets:
        my-first-target:
            target: java
            source: my-source
            publish:
                java:
                    ossrhUsername: $ossrh_username
                    ossrhPassword: $ossrh_password
                    gpgSecretKey: $gpg_secret_key
                    gpgPassPhrase: $gpg_passphrase
            codeSamples:
                registry:
                    location: registry.speakeasyapi.dev/prove/prove-dev/my-source-java-code-samples
                blocking: false
