speakeasyVersion: 1.306.0
sources:
    my-source:
        sourceNamespace: my-source
        sourceRevisionDigest: sha256:3d77e8c2157933f8257e598a341b81131aa0d3a2b9431acae3dfa575ad1484f7
        sourceBlobDigest: sha256:bf645e67ffc953abdd41fb8cc55a6967cb8fb7ef49749185ee11a05531b96caa
        tags:
            - latest
            - main
targets:
    my-first-target:
        source: my-source
        sourceNamespace: my-source
        sourceRevisionDigest: sha256:3d77e8c2157933f8257e598a341b81131aa0d3a2b9431acae3dfa575ad1484f7
        sourceBlobDigest: sha256:bf645e67ffc953abdd41fb8cc55a6967cb8fb7ef49749185ee11a05531b96caa
        outLocation: /github/workspace/repo
workflow:
    workflowVersion: 1.0.0
    speakeasyVersion: latest
    sources:
        my-source:
            inputs:
                - location: https://raw.githubusercontent.com/payfone/prove-openapi/main/orchestration.yaml
                  authHeader: Authorization
                  authSecret: $OPENAPI_DOC_AUTH_TOKEN
            registry:
                location: registry.speakeasyapi.dev/prove/prove-dev/my-source
    targets:
        my-first-target:
            target: java
            source: my-source
            publish:
                java:
                    ossrhUsername: $ossrh_username
                    ossrhPassword: $ossrh_password
                    gpgSecretKey: $gpg_secret_key
                    gpgPassPhrase: $gpg_passphrase
